// !$*UTF8*$!
{
	archiveVersion = 1;
	classes = {
	};
	objectVersion = 56;
	objects = {

/* Begin PBXBuildFile section */
		FB3932292A35CD45009D580D /* DummyViewController.swift in Sources */ = {isa = PBXBuildFile; fileRef = FB3932282A35CD45009D580D /* DummyViewController.swift */; };
		FB39322C2A35D36B009D580D /* LocalState.swift in Sources */ = {isa = PBXBuildFile; fileRef = FB39322B2A35D36B009D580D /* LocalState.swift */; };
		FB3932312A3620C6009D580D /* UIViewController+Utils.swift in Sources */ = {isa = PBXBuildFile; fileRef = FB3932302A3620C6009D580D /* UIViewController+Utils.swift */; };
		FB3932332A36237D009D580D /* MainViewController.swift in Sources */ = {isa = PBXBuildFile; fileRef = FB3932322A36237D009D580D /* MainViewController.swift */; };
		FB4B9CD32A328E9F0064F7D6 /* AppDelegate.swift in Sources */ = {isa = PBXBuildFile; fileRef = FB4B9CD22A328E9F0064F7D6 /* AppDelegate.swift */; };
		FB4B9CD72A328E9F0064F7D6 /* LoginViewController.swift in Sources */ = {isa = PBXBuildFile; fileRef = FB4B9CD62A328E9F0064F7D6 /* LoginViewController.swift */; };
		FB4B9CDC2A328EA10064F7D6 /* Assets.xcassets in Resources */ = {isa = PBXBuildFile; fileRef = FB4B9CDB2A328EA10064F7D6 /* Assets.xcassets */; };
		FB4B9CEC2A3292F70064F7D6 /* LoginView.swift in Sources */ = {isa = PBXBuildFile; fileRef = FB4B9CEB2A3292F70064F7D6 /* LoginView.swift */; };
		FB4B9CF32A3382D30064F7D6 /* OnboardingContainerViewController.swift in Sources */ = {isa = PBXBuildFile; fileRef = FB4B9CF22A3382D30064F7D6 /* OnboardingContainerViewController.swift */; };
		FB4B9CF52A338B270064F7D6 /* OnboardingViewController.swift in Sources */ = {isa = PBXBuildFile; fileRef = FB4B9CF42A338B270064F7D6 /* OnboardingViewController.swift */; };
		FB7B48572A3E146F00DF045F /* DecimalUtils.swift in Sources */ = {isa = PBXBuildFile; fileRef = FB7B48562A3E146E00DF045F /* DecimalUtils.swift */; };
		FB7B48592A3E151E00DF045F /* CurrencyFormetter.swift in Sources */ = {isa = PBXBuildFile; fileRef = FB7B48582A3E151E00DF045F /* CurrencyFormetter.swift */; };
		FBADEF0A2A44AFFB002C20FF /* CurrencyFormatterTests.swift in Sources */ = {isa = PBXBuildFile; fileRef = FBADEF092A44AFFB002C20FF /* CurrencyFormatterTests.swift */; };
		FBB47FE82A37C31400963C53 /* AccountSummaryCell.swift in Sources */ = {isa = PBXBuildFile; fileRef = FBB47FE72A37C31400963C53 /* AccountSummaryCell.swift */; };
		FBC1BB662A372F3D00AD3EAE /* AccountSummaryViewController.swift in Sources */ = {isa = PBXBuildFile; fileRef = FBC1BB652A372F3D00AD3EAE /* AccountSummaryViewController.swift */; };
		FBC1BB682A3731B200AD3EAE /* AccountSummaryHeaderView.swift in Sources */ = {isa = PBXBuildFile; fileRef = FBC1BB672A3731B200AD3EAE /* AccountSummaryHeaderView.swift */; };
		FBC1BB6A2A3731F400AD3EAE /* AccountSummaryHeaderView.xib in Resources */ = {isa = PBXBuildFile; fileRef = FBC1BB692A3731F400AD3EAE /* AccountSummaryHeaderView.xib */; };
/* End PBXBuildFile section */

/* Begin PBXContainerItemProxy section */
		FB7B48622A3E2A3C00DF045F /* PBXContainerItemProxy */ = {
			isa = PBXContainerItemProxy;
			containerPortal = FB4B9CC72A328E9F0064F7D6 /* Project object */;
			proxyType = 1;
			remoteGlobalIDString = FB4B9CCE2A328E9F0064F7D6;
			remoteInfo = BankWatch;
		};
/* End PBXContainerItemProxy section */

/* Begin PBXFileReference section */
		FB3932282A35CD45009D580D /* DummyViewController.swift */ = {isa = PBXFileReference; lastKnownFileType = sourcecode.swift; path = DummyViewController.swift; sourceTree = "<group>"; };
		FB39322B2A35D36B009D580D /* LocalState.swift */ = {isa = PBXFileReference; lastKnownFileType = sourcecode.swift; path = LocalState.swift; sourceTree = "<group>"; };
		FB3932302A3620C6009D580D /* UIViewController+Utils.swift */ = {isa = PBXFileReference; lastKnownFileType = sourcecode.swift; path = "UIViewController+Utils.swift"; sourceTree = "<group>"; };
		FB3932322A36237D009D580D /* MainViewController.swift */ = {isa = PBXFileReference; lastKnownFileType = sourcecode.swift; path = MainViewController.swift; sourceTree = "<group>"; };
		FB4B9CCF2A328E9F0064F7D6 /* BankWatch.app */ = {isa = PBXFileReference; explicitFileType = wrapper.application; includeInIndex = 0; path = BankWatch.app; sourceTree = BUILT_PRODUCTS_DIR; };
		FB4B9CD22A328E9F0064F7D6 /* AppDelegate.swift */ = {isa = PBXFileReference; lastKnownFileType = sourcecode.swift; path = AppDelegate.swift; sourceTree = "<group>"; };
		FB4B9CD62A328E9F0064F7D6 /* LoginViewController.swift */ = {isa = PBXFileReference; lastKnownFileType = sourcecode.swift; path = LoginViewController.swift; sourceTree = "<group>"; };
		FB4B9CDB2A328EA10064F7D6 /* Assets.xcassets */ = {isa = PBXFileReference; lastKnownFileType = folder.assetcatalog; path = Assets.xcassets; sourceTree = "<group>"; };
		FB4B9CE02A328EA10064F7D6 /* Info.plist */ = {isa = PBXFileReference; lastKnownFileType = text.plist.xml; path = Info.plist; sourceTree = "<group>"; };
		FB4B9CEB2A3292F70064F7D6 /* LoginView.swift */ = {isa = PBXFileReference; lastKnownFileType = sourcecode.swift; path = LoginView.swift; sourceTree = "<group>"; };
		FB4B9CF22A3382D30064F7D6 /* OnboardingContainerViewController.swift */ = {isa = PBXFileReference; lastKnownFileType = sourcecode.swift; path = OnboardingContainerViewController.swift; sourceTree = "<group>"; };
		FB4B9CF42A338B270064F7D6 /* OnboardingViewController.swift */ = {isa = PBXFileReference; lastKnownFileType = sourcecode.swift; path = OnboardingViewController.swift; sourceTree = "<group>"; };
		FB7B48562A3E146E00DF045F /* DecimalUtils.swift */ = {isa = PBXFileReference; lastKnownFileType = sourcecode.swift; path = DecimalUtils.swift; sourceTree = "<group>"; };
		FB7B48582A3E151E00DF045F /* CurrencyFormetter.swift */ = {isa = PBXFileReference; lastKnownFileType = sourcecode.swift; path = CurrencyFormetter.swift; sourceTree = "<group>"; };
		FB7B485E2A3E2A3C00DF045F /* BankWatchUnitTests.xctest */ = {isa = PBXFileReference; explicitFileType = wrapper.cfbundle; includeInIndex = 0; path = BankWatchUnitTests.xctest; sourceTree = BUILT_PRODUCTS_DIR; };
		FBADEF092A44AFFB002C20FF /* CurrencyFormatterTests.swift */ = {isa = PBXFileReference; lastKnownFileType = sourcecode.swift; path = CurrencyFormatterTests.swift; sourceTree = "<group>"; };
		FBB47FE72A37C31400963C53 /* AccountSummaryCell.swift */ = {isa = PBXFileReference; lastKnownFileType = sourcecode.swift; path = AccountSummaryCell.swift; sourceTree = "<group>"; };
		FBC1BB652A372F3D00AD3EAE /* AccountSummaryViewController.swift */ = {isa = PBXFileReference; lastKnownFileType = sourcecode.swift; path = AccountSummaryViewController.swift; sourceTree = "<group>"; };
		FBC1BB672A3731B200AD3EAE /* AccountSummaryHeaderView.swift */ = {isa = PBXFileReference; lastKnownFileType = sourcecode.swift; path = AccountSummaryHeaderView.swift; sourceTree = "<group>"; };
		FBC1BB692A3731F400AD3EAE /* AccountSummaryHeaderView.xib */ = {isa = PBXFileReference; lastKnownFileType = file.xib; path = AccountSummaryHeaderView.xib; sourceTree = "<group>"; };
/* End PBXFileReference section */

/* Begin PBXFrameworksBuildPhase section */
		FB4B9CCC2A328E9F0064F7D6 /* Frameworks */ = {
			isa = PBXFrameworksBuildPhase;
			buildActionMask = 2147483647;
			files = (
			);
			runOnlyForDeploymentPostprocessing = 0;
		};
		FB7B485B2A3E2A3C00DF045F /* Frameworks */ = {
			isa = PBXFrameworksBuildPhase;
			buildActionMask = 2147483647;
			files = (
			);
			runOnlyForDeploymentPostprocessing = 0;
		};
/* End PBXFrameworksBuildPhase section */

/* Begin PBXGroup section */
		FB39322A2A35D35D009D580D /* Utilities */ = {
			isa = PBXGroup;
			children = (
				FB39322B2A35D36B009D580D /* LocalState.swift */,
				FB3932302A3620C6009D580D /* UIViewController+Utils.swift */,
				FB7B48562A3E146E00DF045F /* DecimalUtils.swift */,
				FB7B48582A3E151E00DF045F /* CurrencyFormetter.swift */,
			);
			path = Utilities;
			sourceTree = "<group>";
		};
		FB4B9CC62A328E9F0064F7D6 = {
			isa = PBXGroup;
			children = (
				FB4B9CD12A328E9F0064F7D6 /* BankWatch */,
				FB7B485F2A3E2A3C00DF045F /* BankWatchUnitTests */,
				FB4B9CD02A328E9F0064F7D6 /* Products */,
			);
			sourceTree = "<group>";
		};
		FB4B9CD02A328E9F0064F7D6 /* Products */ = {
			isa = PBXGroup;
			children = (
				FB4B9CCF2A328E9F0064F7D6 /* BankWatch.app */,
				FB7B485E2A3E2A3C00DF045F /* BankWatchUnitTests.xctest */,
			);
			name = Products;
			sourceTree = "<group>";
		};
		FB4B9CD12A328E9F0064F7D6 /* BankWatch */ = {
			isa = PBXGroup;
			children = (
				FB4B9CE82A3292480064F7D6 /* Files */,
				FB39322A2A35D35D009D580D /* Utilities */,
				FB4B9CF12A3382B10064F7D6 /* Onboarding */,
				FBC1BB642A372F1600AD3EAE /* AccountSummary */,
				FB4B9CEA2A3292CD0064F7D6 /* Login */,
				FB4B9CD22A328E9F0064F7D6 /* AppDelegate.swift */,
				FB3932322A36237D009D580D /* MainViewController.swift */,
			);
			path = BankWatch;
			sourceTree = "<group>";
		};
		FB4B9CE82A3292480064F7D6 /* Files */ = {
			isa = PBXGroup;
			children = (
				FB4B9CDB2A328EA10064F7D6 /* Assets.xcassets */,
				FB4B9CE02A328EA10064F7D6 /* Info.plist */,
			);
			name = Files;
			sourceTree = "<group>";
		};
		FB4B9CEA2A3292CD0064F7D6 /* Login */ = {
			isa = PBXGroup;
			children = (
				FB4B9CD62A328E9F0064F7D6 /* LoginViewController.swift */,
				FB4B9CEB2A3292F70064F7D6 /* LoginView.swift */,
				FB3932282A35CD45009D580D /* DummyViewController.swift */,
			);
			path = Login;
			sourceTree = "<group>";
		};
		FB4B9CF12A3382B10064F7D6 /* Onboarding */ = {
			isa = PBXGroup;
			children = (
				FB4B9CF22A3382D30064F7D6 /* OnboardingContainerViewController.swift */,
				FB4B9CF42A338B270064F7D6 /* OnboardingViewController.swift */,
			);
			path = Onboarding;
			sourceTree = "<group>";
		};
		FB7B485F2A3E2A3C00DF045F /* BankWatchUnitTests */ = {
			isa = PBXGroup;
			children = (
				FBADEF092A44AFFB002C20FF /* CurrencyFormatterTests.swift */,
			);
			path = BankWatchUnitTests;
			sourceTree = "<group>";
		};
		FBB47FE52A37C2C800963C53 /* Header */ = {
			isa = PBXGroup;
			children = (
				FBC1BB672A3731B200AD3EAE /* AccountSummaryHeaderView.swift */,
				FBC1BB692A3731F400AD3EAE /* AccountSummaryHeaderView.xib */,
			);
			path = Header;
			sourceTree = "<group>";
		};
		FBB47FE62A37C2EA00963C53 /* Cells */ = {
			isa = PBXGroup;
			children = (
				FBB47FE72A37C31400963C53 /* AccountSummaryCell.swift */,
			);
			path = Cells;
			sourceTree = "<group>";
		};
		FBC1BB642A372F1600AD3EAE /* AccountSummary */ = {
			isa = PBXGroup;
			children = (
				FBC1BB652A372F3D00AD3EAE /* AccountSummaryViewController.swift */,
				FBB47FE62A37C2EA00963C53 /* Cells */,
				FBB47FE52A37C2C800963C53 /* Header */,
			);
			path = AccountSummary;
			sourceTree = "<group>";
		};
/* End PBXGroup section */

/* Begin PBXNativeTarget section */
		FB4B9CCE2A328E9F0064F7D6 /* BankWatch */ = {
			isa = PBXNativeTarget;
			buildConfigurationList = FB4B9CE32A328EA10064F7D6 /* Build configuration list for PBXNativeTarget "BankWatch" */;
			buildPhases = (
				FB4B9CCB2A328E9F0064F7D6 /* Sources */,
				FB4B9CCC2A328E9F0064F7D6 /* Frameworks */,
				FB4B9CCD2A328E9F0064F7D6 /* Resources */,
			);
			buildRules = (
			);
			dependencies = (
			);
			name = BankWatch;
			productName = BankWatch;
			productReference = FB4B9CCF2A328E9F0064F7D6 /* BankWatch.app */;
			productType = "com.apple.product-type.application";
		};
		FB7B485D2A3E2A3C00DF045F /* BankWatchUnitTests */ = {
			isa = PBXNativeTarget;
			buildConfigurationList = FB7B48642A3E2A3C00DF045F /* Build configuration list for PBXNativeTarget "BankWatchUnitTests" */;
			buildPhases = (
				FB7B485A2A3E2A3C00DF045F /* Sources */,
				FB7B485B2A3E2A3C00DF045F /* Frameworks */,
				FB7B485C2A3E2A3C00DF045F /* Resources */,
			);
			buildRules = (
			);
			dependencies = (
				FB7B48632A3E2A3C00DF045F /* PBXTargetDependency */,
			);
			name = BankWatchUnitTests;
			productName = BankWatchUnitTests;
			productReference = FB7B485E2A3E2A3C00DF045F /* BankWatchUnitTests.xctest */;
			productType = "com.apple.product-type.bundle.unit-test";
		};
/* End PBXNativeTarget section */

/* Begin PBXProject section */
		FB4B9CC72A328E9F0064F7D6 /* Project object */ = {
			isa = PBXProject;
			attributes = {
				BuildIndependentTargetsInParallel = 1;
				LastSwiftUpdateCheck = 1430;
				LastUpgradeCheck = 1430;
				TargetAttributes = {
					FB4B9CCE2A328E9F0064F7D6 = {
						CreatedOnToolsVersion = 14.3.1;
					};
					FB7B485D2A3E2A3C00DF045F = {
						CreatedOnToolsVersion = 14.3.1;
						LastSwiftMigration = 1430;
						TestTargetID = FB4B9CCE2A328E9F0064F7D6;
					};
				};
			};
			buildConfigurationList = FB4B9CCA2A328E9F0064F7D6 /* Build configuration list for PBXProject "BankWatch" */;
			compatibilityVersion = "Xcode 14.0";
			developmentRegion = en;
			hasScannedForEncodings = 0;
			knownRegions = (
				en,
				Base,
			);
			mainGroup = FB4B9CC62A328E9F0064F7D6;
			productRefGroup = FB4B9CD02A328E9F0064F7D6 /* Products */;
			projectDirPath = "";
			projectRoot = "";
			targets = (
				FB4B9CCE2A328E9F0064F7D6 /* BankWatch */,
				FB7B485D2A3E2A3C00DF045F /* BankWatchUnitTests */,
			);
		};
/* End PBXProject section */

/* Begin PBXResourcesBuildPhase section */
		FB4B9CCD2A328E9F0064F7D6 /* Resources */ = {
			isa = PBXResourcesBuildPhase;
			buildActionMask = 2147483647;
			files = (
				FBC1BB6A2A3731F400AD3EAE /* AccountSummaryHeaderView.xib in Resources */,
				FB4B9CDC2A328EA10064F7D6 /* Assets.xcassets in Resources */,
			);
			runOnlyForDeploymentPostprocessing = 0;
		};
		FB7B485C2A3E2A3C00DF045F /* Resources */ = {
			isa = PBXResourcesBuildPhase;
			buildActionMask = 2147483647;
			files = (
			);
			runOnlyForDeploymentPostprocessing = 0;
		};
/* End PBXResourcesBuildPhase section */

/* Begin PBXSourcesBuildPhase section */
		FB4B9CCB2A328E9F0064F7D6 /* Sources */ = {
			isa = PBXSourcesBuildPhase;
			buildActionMask = 2147483647;
			files = (
				FB3932312A3620C6009D580D /* UIViewController+Utils.swift in Sources */,
				FB4B9CEC2A3292F70064F7D6 /* LoginView.swift in Sources */,
				FB39322C2A35D36B009D580D /* LocalState.swift in Sources */,
				FB7B48592A3E151E00DF045F /* CurrencyFormetter.swift in Sources */,
				FBC1BB682A3731B200AD3EAE /* AccountSummaryHeaderView.swift in Sources */,
				FB3932292A35CD45009D580D /* DummyViewController.swift in Sources */,
				FB7B48572A3E146F00DF045F /* DecimalUtils.swift in Sources */,
				FB4B9CD72A328E9F0064F7D6 /* LoginViewController.swift in Sources */,
				FBB47FE82A37C31400963C53 /* AccountSummaryCell.swift in Sources */,
				FB4B9CF52A338B270064F7D6 /* OnboardingViewController.swift in Sources */,
				FB3932332A36237D009D580D /* MainViewController.swift in Sources */,
				FBC1BB662A372F3D00AD3EAE /* AccountSummaryViewController.swift in Sources */,
				FB4B9CD32A328E9F0064F7D6 /* AppDelegate.swift in Sources */,
				FB4B9CF32A3382D30064F7D6 /* OnboardingContainerViewController.swift in Sources */,
			);
			runOnlyForDeploymentPostprocessing = 0;
		};
		FB7B485A2A3E2A3C00DF045F /* Sources */ = {
			isa = PBXSourcesBuildPhase;
			buildActionMask = 2147483647;
			files = (
				FBADEF0A2A44AFFB002C20FF /* CurrencyFormatterTests.swift in Sources */,
			);
			runOnlyForDeploymentPostprocessing = 0;
		};
/* End PBXSourcesBuildPhase section */

/* Begin PBXTargetDependency section */
		FB7B48632A3E2A3C00DF045F /* PBXTargetDependency */ = {
			isa = PBXTargetDependency;
			target = FB4B9CCE2A328E9F0064F7D6 /* BankWatch */;
			targetProxy = FB7B48622A3E2A3C00DF045F /* PBXContainerItemProxy */;
		};
/* End PBXTargetDependency section */

/* Begin XCBuildConfiguration section */
		FB4B9CE12A328EA10064F7D6 /* Debug */ = {
			isa = XCBuildConfiguration;
			buildSettings = {
				ALWAYS_SEARCH_USER_PATHS = NO;
				CLANG_ANALYZER_NONNULL = YES;
				CLANG_ANALYZER_NUMBER_OBJECT_CONVERSION = YES_AGGRESSIVE;
				CLANG_CXX_LANGUAGE_STANDARD = "gnu++20";
				CLANG_ENABLE_MODULES = YES;
				CLANG_ENABLE_OBJC_ARC = YES;
				CLANG_ENABLE_OBJC_WEAK = YES;
				CLANG_WARN_BLOCK_CAPTURE_AUTORELEASING = YES;
				CLANG_WARN_BOOL_CONVERSION = YES;
				CLANG_WARN_COMMA = YES;
				CLANG_WARN_CONSTANT_CONVERSION = YES;
				CLANG_WARN_DEPRECATED_OBJC_IMPLEMENTATIONS = YES;
				CLANG_WARN_DIRECT_OBJC_ISA_USAGE = YES_ERROR;
				CLANG_WARN_DOCUMENTATION_COMMENTS = YES;
				CLANG_WARN_EMPTY_BODY = YES;
				CLANG_WARN_ENUM_CONVERSION = YES;
				CLANG_WARN_INFINITE_RECURSION = YES;
				CLANG_WARN_INT_CONVERSION = YES;
				CLANG_WARN_NON_LITERAL_NULL_CONVERSION = YES;
				CLANG_WARN_OBJC_IMPLICIT_RETAIN_SELF = YES;
				CLANG_WARN_OBJC_LITERAL_CONVERSION = YES;
				CLANG_WARN_OBJC_ROOT_CLASS = YES_ERROR;
				CLANG_WARN_QUOTED_INCLUDE_IN_FRAMEWORK_HEADER = YES;
				CLANG_WARN_RANGE_LOOP_ANALYSIS = YES;
				CLANG_WARN_STRICT_PROTOTYPES = YES;
				CLANG_WARN_SUSPICIOUS_MOVE = YES;
				CLANG_WARN_UNGUARDED_AVAILABILITY = YES_AGGRESSIVE;
				CLANG_WARN_UNREACHABLE_CODE = YES;
				CLANG_WARN__DUPLICATE_METHOD_MATCH = YES;
				COPY_PHASE_STRIP = NO;
				DEBUG_INFORMATION_FORMAT = dwarf;
				ENABLE_STRICT_OBJC_MSGSEND = YES;
				ENABLE_TESTABILITY = YES;
				GCC_C_LANGUAGE_STANDARD = gnu11;
				GCC_DYNAMIC_NO_PIC = NO;
				GCC_NO_COMMON_BLOCKS = YES;
				GCC_OPTIMIZATION_LEVEL = 0;
				GCC_PREPROCESSOR_DEFINITIONS = (
					"DEBUG=1",
					"$(inherited)",
				);
				GCC_WARN_64_TO_32_BIT_CONVERSION = YES;
				GCC_WARN_ABOUT_RETURN_TYPE = YES_ERROR;
				GCC_WARN_UNDECLARED_SELECTOR = YES;
				GCC_WARN_UNINITIALIZED_AUTOS = YES_AGGRESSIVE;
				GCC_WARN_UNUSED_FUNCTION = YES;
				GCC_WARN_UNUSED_VARIABLE = YES;
				IPHONEOS_DEPLOYMENT_TARGET = 16.4;
				MTL_ENABLE_DEBUG_INFO = INCLUDE_SOURCE;
				MTL_FAST_MATH = YES;
				ONLY_ACTIVE_ARCH = YES;
				SDKROOT = iphoneos;
				SWIFT_ACTIVE_COMPILATION_CONDITIONS = DEBUG;
				SWIFT_OPTIMIZATION_LEVEL = "-Onone";
			};
			name = Debug;
		};
		FB4B9CE22A328EA10064F7D6 /* Release */ = {
			isa = XCBuildConfiguration;
			buildSettings = {
				ALWAYS_SEARCH_USER_PATHS = NO;
				CLANG_ANALYZER_NONNULL = YES;
				CLANG_ANALYZER_NUMBER_OBJECT_CONVERSION = YES_AGGRESSIVE;
				CLANG_CXX_LANGUAGE_STANDARD = "gnu++20";
				CLANG_ENABLE_MODULES = YES;
				CLANG_ENABLE_OBJC_ARC = YES;
				CLANG_ENABLE_OBJC_WEAK = YES;
				CLANG_WARN_BLOCK_CAPTURE_AUTORELEASING = YES;
				CLANG_WARN_BOOL_CONVERSION = YES;
				CLANG_WARN_COMMA = YES;
				CLANG_WARN_CONSTANT_CONVERSION = YES;
				CLANG_WARN_DEPRECATED_OBJC_IMPLEMENTATIONS = YES;
				CLANG_WARN_DIRECT_OBJC_ISA_USAGE = YES_ERROR;
				CLANG_WARN_DOCUMENTATION_COMMENTS = YES;
				CLANG_WARN_EMPTY_BODY = YES;
				CLANG_WARN_ENUM_CONVERSION = YES;
				CLANG_WARN_INFINITE_RECURSION = YES;
				CLANG_WARN_INT_CONVERSION = YES;
				CLANG_WARN_NON_LITERAL_NULL_CONVERSION = YES;
				CLANG_WARN_OBJC_IMPLICIT_RETAIN_SELF = YES;
				CLANG_WARN_OBJC_LITERAL_CONVERSION = YES;
				CLANG_WARN_OBJC_ROOT_CLASS = YES_ERROR;
				CLANG_WARN_QUOTED_INCLUDE_IN_FRAMEWORK_HEADER = YES;
				CLANG_WARN_RANGE_LOOP_ANALYSIS = YES;
				CLANG_WARN_STRICT_PROTOTYPES = YES;
				CLANG_WARN_SUSPICIOUS_MOVE = YES;
				CLANG_WARN_UNGUARDED_AVAILABILITY = YES_AGGRESSIVE;
				CLANG_WARN_UNREACHABLE_CODE = YES;
				CLANG_WARN__DUPLICATE_METHOD_MATCH = YES;
				COPY_PHASE_STRIP = NO;
				DEBUG_INFORMATION_FORMAT = "dwarf-with-dsym";
				ENABLE_NS_ASSERTIONS = NO;
				ENABLE_STRICT_OBJC_MSGSEND = YES;
				GCC_C_LANGUAGE_STANDARD = gnu11;
				GCC_NO_COMMON_BLOCKS = YES;
				GCC_WARN_64_TO_32_BIT_CONVERSION = YES;
				GCC_WARN_ABOUT_RETURN_TYPE = YES_ERROR;
				GCC_WARN_UNDECLARED_SELECTOR = YES;
				GCC_WARN_UNINITIALIZED_AUTOS = YES_AGGRESSIVE;
				GCC_WARN_UNUSED_FUNCTION = YES;
				GCC_WARN_UNUSED_VARIABLE = YES;
				IPHONEOS_DEPLOYMENT_TARGET = 16.4;
				MTL_ENABLE_DEBUG_INFO = NO;
				MTL_FAST_MATH = YES;
				SDKROOT = iphoneos;
				SWIFT_COMPILATION_MODE = wholemodule;
				SWIFT_OPTIMIZATION_LEVEL = "-O";
				VALIDATE_PRODUCT = YES;
			};
			name = Release;
		};
		FB4B9CE42A328EA10064F7D6 /* Debug */ = {
			isa = XCBuildConfiguration;
			buildSettings = {
				ASSETCATALOG_COMPILER_APPICON_NAME = AppIcon;
				ASSETCATALOG_COMPILER_GLOBAL_ACCENT_COLOR_NAME = AccentColor;
				CODE_SIGN_STYLE = Automatic;
				CURRENT_PROJECT_VERSION = 1;
				DEVELOPMENT_TEAM = Q22QSB2U6G;
				GENERATE_INFOPLIST_FILE = YES;
				INFOPLIST_FILE = BankWatch/Info.plist;
				INFOPLIST_KEY_UIApplicationSupportsIndirectInputEvents = YES;
				INFOPLIST_KEY_UILaunchStoryboardName = LaunchScreen;
				INFOPLIST_KEY_UISupportedInterfaceOrientations_iPad = "UIInterfaceOrientationPortrait UIInterfaceOrientationPortraitUpsideDown UIInterfaceOrientationLandscapeLeft UIInterfaceOrientationLandscapeRight";
				INFOPLIST_KEY_UISupportedInterfaceOrientations_iPhone = "UIInterfaceOrientationPortrait UIInterfaceOrientationLandscapeLeft UIInterfaceOrientationLandscapeRight";
				IPHONEOS_DEPLOYMENT_TARGET = 16.0;
				LD_RUNPATH_SEARCH_PATHS = (
					"$(inherited)",
					"@executable_path/Frameworks",
				);
				MARKETING_VERSION = 1.0;
				PRODUCT_BUNDLE_IDENTIFIER = com.hakanakturk.BankWatch;
				PRODUCT_NAME = "$(TARGET_NAME)";
				SWIFT_EMIT_LOC_STRINGS = YES;
				SWIFT_VERSION = 5.0;
				TARGETED_DEVICE_FAMILY = "1,2";
			};
			name = Debug;
		};
		FB4B9CE52A328EA10064F7D6 /* Release */ = {
			isa = XCBuildConfiguration;
			buildSettings = {
				ASSETCATALOG_COMPILER_APPICON_NAME = AppIcon;
				ASSETCATALOG_COMPILER_GLOBAL_ACCENT_COLOR_NAME = AccentColor;
				CODE_SIGN_STYLE = Automatic;
				CURRENT_PROJECT_VERSION = 1;
				DEVELOPMENT_TEAM = Q22QSB2U6G;
				GENERATE_INFOPLIST_FILE = YES;
				INFOPLIST_FILE = BankWatch/Info.plist;
				INFOPLIST_KEY_UIApplicationSupportsIndirectInputEvents = YES;
				INFOPLIST_KEY_UILaunchStoryboardName = LaunchScreen;
				INFOPLIST_KEY_UISupportedInterfaceOrientations_iPad = "UIInterfaceOrientationPortrait UIInterfaceOrientationPortraitUpsideDown UIInterfaceOrientationLandscapeLeft UIInterfaceOrientationLandscapeRight";
				INFOPLIST_KEY_UISupportedInterfaceOrientations_iPhone = "UIInterfaceOrientationPortrait UIInterfaceOrientationLandscapeLeft UIInterfaceOrientationLandscapeRight";
				IPHONEOS_DEPLOYMENT_TARGET = 16.0;
				LD_RUNPATH_SEARCH_PATHS = (
					"$(inherited)",
					"@executable_path/Frameworks",
				);
				MARKETING_VERSION = 1.0;
				PRODUCT_BUNDLE_IDENTIFIER = com.hakanakturk.BankWatch;
				PRODUCT_NAME = "$(TARGET_NAME)";
				SWIFT_EMIT_LOC_STRINGS = YES;
				SWIFT_VERSION = 5.0;
				TARGETED_DEVICE_FAMILY = "1,2";
			};
			name = Release;
		};
		FB7B48652A3E2A3C00DF045F /* Debug */ = {
			isa = XCBuildConfiguration;
			buildSettings = {
				BUNDLE_LOADER = "$(TEST_HOST)";
				CLANG_ENABLE_MODULES = YES;
				CODE_SIGN_STYLE = Automatic;
				CURRENT_PROJECT_VERSION = 1;
				DEVELOPMENT_TEAM = Q22QSB2U6G;
				GENERATE_INFOPLIST_FILE = YES;
				MARKETING_VERSION = 1.0;
				PRODUCT_BUNDLE_IDENTIFIER = com.hakanakturk.BankWatchUnitTests;
				PRODUCT_NAME = "$(TARGET_NAME)";
				SWIFT_EMIT_LOC_STRINGS = NO;
				SWIFT_OPTIMIZATION_LEVEL = "-Onone";
				SWIFT_VERSION = 5.0;
				TARGETED_DEVICE_FAMILY = "1,2";
				TEST_HOST = "$(BUILT_PRODUCTS_DIR)/BankWatch.app/$(BUNDLE_EXECUTABLE_FOLDER_PATH)/BankWatch";
			};
			name = Debug;
		};
		FB7B48662A3E2A3C00DF045F /* Release */ = {
			isa = XCBuildConfiguration;
			buildSettings = {
				BUNDLE_LOADER = "$(TEST_HOST)";
				CLANG_ENABLE_MODULES = YES;
				CODE_SIGN_STYLE = Automatic;
				CURRENT_PROJECT_VERSION = 1;
				DEVELOPMENT_TEAM = Q22QSB2U6G;
				GENERATE_INFOPLIST_FILE = YES;
				MARKETING_VERSION = 1.0;
				PRODUCT_BUNDLE_IDENTIFIER = com.hakanakturk.BankWatchUnitTests;
				PRODUCT_NAME = "$(TARGET_NAME)";
				SWIFT_EMIT_LOC_STRINGS = NO;
				SWIFT_VERSION = 5.0;
				TARGETED_DEVICE_FAMILY = "1,2";
				TEST_HOST = "$(BUILT_PRODUCTS_DIR)/BankWatch.app/$(BUNDLE_EXECUTABLE_FOLDER_PATH)/BankWatch";
			};
			name = Release;
		};
/* End XCBuildConfiguration section */

/* Begin XCConfigurationList section */
		FB4B9CCA2A328E9F0064F7D6 /* Build configuration list for PBXProject "BankWatch" */ = {
			isa = XCConfigurationList;
			buildConfigurations = (
				FB4B9CE12A328EA10064F7D6 /* Debug */,
				FB4B9CE22A328EA10064F7D6 /* Release */,
			);
			defaultConfigurationIsVisible = 0;
			defaultConfigurationName = Release;
		};
		FB4B9CE32A328EA10064F7D6 /* Build configuration list for PBXNativeTarget "BankWatch" */ = {
			isa = XCConfigurationList;
			buildConfigurations = (
				FB4B9CE42A328EA10064F7D6 /* Debug */,
				FB4B9CE52A328EA10064F7D6 /* Release */,
			);
			defaultConfigurationIsVisible = 0;
			defaultConfigurationName = Release;
		};
		FB7B48642A3E2A3C00DF045F /* Build configuration list for PBXNativeTarget "BankWatchUnitTests" */ = {
			isa = XCConfigurationList;
			buildConfigurations = (
				FB7B48652A3E2A3C00DF045F /* Debug */,
				FB7B48662A3E2A3C00DF045F /* Release */,
			);
			defaultConfigurationIsVisible = 0;
			defaultConfigurationName = Release;
		};
/* End XCConfigurationList section */
	};
	rootObject = FB4B9CC72A328E9F0064F7D6 /* Project object */;
}
